
Microsoft Visual Studio Solution File, Format Version 12.00
# Visual Studio 15
Project("{FAE04EC0-301F-11D3-BF4B-00C04F79EFBC}") = "Assembly-CSharp-Editor-firstpass", "Assembly-CSharp-Editor-firstpass.csproj", "{CB26178A-756C-D3C0-EA0D-4ED1541B95BC}"
EndProject
Project("{FAE04EC0-301F-11D3-BF4B-00C04F79EFBC}") = "Assembly-CSharp", "Assembly-CSharp.csproj", "{613BEEE3-B343-DEB6-67AC-3F0DD3F73162}"
EndProject
Project("{FAE04EC0-301F-11D3-BF4B-00C04F79EFBC}") = "Assembly-CSharp-Editor", "Assembly-CSharp-Editor.csproj", "{32E1D015-F4EF-770E-3B5D-3A211D3AB645}"
EndProject
Project("{FAE04EC0-301F-11D3-BF4B-00C04F79EFBC}") = "Assembly-CSharp-firstpass", "Assembly-CSharp-firstpass.csproj", "{BD9303E6-114D-07B7-329D-3407D438580F}"
EndProject
Global
	GlobalSection(SolutionConfigurationPlatforms) = preSolution
		Debug|Any CPU = Debug|Any CPU
		Release|Any CPU = Release|Any CPU
	EndGlobalSection
	GlobalSection(ProjectConfigurationPlatforms) = postSolution
		{CB26178A-756C-D3C0-EA0D-4ED1541B95BC}.Debug|Any CPU.ActiveCfg = Debug|Any CPU
		{CB26178A-756C-D3C0-EA0D-4ED1541B95BC}.Debug|Any CPU.Build.0 = Debug|Any CPU
		{CB26178A-756C-D3C0-EA0D-4ED1541B95BC}.Release|Any CPU.ActiveCfg = Release|Any CPU
		{CB26178A-756C-D3C0-EA0D-4ED1541B95BC}.Release|Any CPU.Build.0 = Release|Any CPU
		{613BEEE3-B343-DEB6-67AC-3F0DD3F73162}.Debug|Any CPU.ActiveCfg = Debug|Any CPU
		{613BEEE3-B343-DEB6-67AC-3F0DD3F73162}.Debug|Any CPU.Build.0 = Debug|Any CPU
		{613BEEE3-B343-DEB6-67AC-3F0DD3F73162}.Release|Any CPU.ActiveCfg = Release|Any CPU
		{613BEEE3-B343-DEB6-67AC-3F0DD3F73162}.Release|Any CPU.Build.0 = Release|Any CPU
		{32E1D015-F4EF-770E-3B5D-3A211D3AB645}.Debug|Any CPU.ActiveCfg = Debug|Any CPU
		{32E1D015-F4EF-770E-3B5D-3A211D3AB645}.Debug|Any CPU.Build.0 = Debug|Any CPU
		{32E1D015-F4EF-770E-3B5D-3A211D3AB645}.Release|Any CPU.ActiveCfg = Release|Any CPU
		{32E1D015-F4EF-770E-3B5D-3A211D3AB645}.Release|Any CPU.Build.0 = Release|Any CPU
		{BD9303E6-114D-07B7-329D-3407D438580F}.Debug|Any CPU.ActiveCfg = Debug|Any CPU
		{BD9303E6-114D-07B7-329D-3407D438580F}.Debug|Any CPU.Build.0 = Debug|Any CPU
		{BD9303E6-114D-07B7-329D-3407D438580F}.Release|Any CPU.ActiveCfg = Release|Any CPU
		{BD9303E6-114D-07B7-329D-3407D438580F}.Release|Any CPU.Build.0 = Release|Any CPU
	EndGlobalSection
	GlobalSection(SolutionProperties) = preSolution
		HideSolutionNode = FALSE
	EndGlobalSection
EndGlobal
